# This file is autogenerated, do not edit; changes may be undone by the next 'dep ensure'.


[[projects]]
  digest = "1:b8d8afedc1ea9028d6b8a037a61acaf5bac8ffb1ceb4b285a0af6654bfc62f16"
  name = "github.com/go-chi/chi"
  packages = ["."]
  pruneopts = "UT"
  revision = "e95203758b2a6ec24a8e97124d5719ffe5ec1374"
  version = "v4.0.0"

[[projects]]
  branch = "master"
  digest = "1:4957c74d30ef69cf19b06509ae60d93048e18cbe61acc3900d1719a16245f01a"
  name = "github.com/wutchzone/api-response"
  packages = ["."]
  pruneopts = "UT"
  revision = "97f21459c570863b3ffd2baa7dfeef49a77530fa"

[solve-meta]
  analyzer-name = "dep"
  analyzer-version = 1
  input-imports = [
    "github.com/go-chi/chi",
    "github.com/wutchzone/api-response",
  ]
  solver-name = "gps-cdcl"
  solver-version = 1
