# This file is autogenerated, do not edit; changes may be undone by the next 'dep ensure'.


[[projects]]
  digest = "1:b8d8afedc1ea9028d6b8a037a61acaf5bac8ffb1ceb4b285a0af6654bfc62f16"
  name = "github.com/go-chi/chi"
  packages = ["."]
  pruneopts = "UT"
  revision = "e95203758b2a6ec24a8e97124d5719ffe5ec1374"
  version = "v4.0.0"

[[projects]]
  branch = "master"
  digest = "1:4957c74d30ef69cf19b06509ae60d93048e18cbe61acc3900d1719a16245f01a"
  name = "github.com/wutchzone/api-response"
  packages = ["."]
  pruneopts = "UT"
  revision = "97f21459c570863b3ffd2baa7dfeef49a77530fa"

[[projects]]
  branch = "master"
  digest = "1:1a8a6a5147075f8ab9f58f6cef375f3d94c8fe2de16c75916bf5b887e05466e2"
  name = "github.com/wutchzone/fileserver-service"
  packages = ["pkg/file-server"]
  pruneopts = "UT"
  revision = "8c32d2645f5a925b061118b35af24f48597cfc1d"

[solve-meta]
  analyzer-name = "dep"
  analyzer-version = 1
  input-imports = [
    "github.com/go-chi/chi",
    "github.com/wutchzone/api-response",
    "github.com/wutchzone/fileserver-service/pkg/file-server",
  ]
  solver-name = "gps-cdcl"
  solver-version = 1
